{
  "files": {
    "Sources/LorvexCore/Support/BackupV1Archive.swift": "318c7e06c8f6730627d8a09449e967bc0ded6d8304baf0c75509976107dd4aec",
    "Sources/LorvexCore/Support/BackupV1Contract.swift": "f36d1b351f544d9411017fd99c201526bbcabdae663cee39c97369aa2a6b8f8f",
    "Sources/LorvexCore/Support/BackupV1NativeTaskGraphSemantics.swift": "a6e1671f7493003bdeac5d4135c18ac6ff70f48c0d72d6724c174f59b814bbdc",
    "Sources/LorvexCore/Support/BackupV1NativeTaskWire.swift": "b0062de150fd82207e0db718d0c3912542580d61c6d93dbbfd9cc3413dee3d95",
    "Sources/LorvexCore/Support/BackupV1PayloadPreflight.swift": "7f3bea058f443e2f80928e882ec0e3ebed8e77416ed1efe134691f7fd4ead4bc",
    "Sources/LorvexCore/Support/BackupV1PortableWire.swift": "5ecadab333ab699eb7a533cdce5fd0a93f67df8d2693404c46dc75daaff2d5d0",
    "Sources/LorvexCore/Support/BackupV1RecurrenceSemantics.swift": "5112278c6b29a4d2018d0e808bd4a6a043f71fe5bdc866c8b864926f20821bd0",
    "Sources/LorvexCore/Support/BackupV1SingleFileInventory.swift": "526eb3683f4455098675dfc5383fe5b17b1de8a0f0b91aa0505b2be6c035deaf",
    "Sources/LorvexCore/Support/BackupV1TaskProjectionConsistency.swift": "594d43d5cf3220735db63000eb42bb572b28659757a62301310954d56138c211",
    "Sources/LorvexCore/Support/BackupV1Wire.swift": "f7bf6f8f1ca329b7827ac9288c2720f9952a51771af96897dcf27e965b0b4ff9",
    "Sources/LorvexCore/Support/NativeTaskGraphV1Validator.swift": "e33cbf58a2a0aade81baf596ee9a4153a3ef3371da21bcf4654ae06c8ffeddc3",
    "Sources/LorvexCore/Support/NativeTaskGraphValidation.swift": "b9d49dce0202013e3c7387580fbd52aef2c7bac4bd5d3a37ea50f4fce4a0af86",
    "Tests/Fixtures/BackupFormat/v1-single-file.json": "74def953e95b40bb087b80c6fe11102bcde916ce5c3ede572583acc5c54832aa",
    "Tests/Fixtures/BackupFormat/v1-zip-lists.json": "a4201c3e77b8d36abfb24622b4e499749d10cd8733ac907f34326020ea83596f",
    "Tests/Fixtures/BackupFormat/v1-zip-manifest.json": "538bfe4723b03e941caa88a125917f17039fc96298364d0ea87fa855a512174d",
    "Tests/Fixtures/BackupFormat/v1-zip-tasks.json": "56201b38e8ed95d1ec73901f9df285796661c3d569ab8c61631d8ac99432f069",
    "Tests/LorvexAppleTests/BackupV1GoldenFixture.swift": "4b960525f5561b9568b57f26374c40cba7cafaeefaf5501a1918494cc176b97f",
    "core/Sources/LorvexDomain/CanonicalJSON.swift": "a5258ef7112a539f2b35368b6fb0468b373743c6ed48a93ce31d7603184b1d01",
    "core/Sources/LorvexDomain/Hlc.swift": "5a3529a3315abff7c03bfa632a75469e03eb2775cc7a470f5dd3d1236de4a48c",
    "core/Sources/LorvexDomain/JSONParse.swift": "cb44f686ff964eeb6b8440dd2032bcdfcecd83958463877049b3f5b3bcc6f710",
    "core/Sources/LorvexDomain/JSONValue.swift": "72fbb1dcb3240988155daf0cc6e1a3d2e719ce29b99c07a3df7b005c6e266ca7"
  },
  "format_version": "1",
  "golden_payload_sha256": "42490ff6c55cf4178be9079c36205fd88a89dcc6871d75d558339f4e9a103720",
  "golden_production_json_sha256": "0a0e92afb54e6c441367b08a29464ec75887116636c9cb1421d6ecc676a5f218",
  "golden_production_zip_sha256": "274ffd8c1fad077c1af5a454e625c35d8f20c95aaf0b56085ecfe6917602f582"
}
